
Microsoft Visual Studio Solution File, Format Version 12.00
# Visual Studio 15
VisualStudioVersion = 15.0.27428.2011
MinimumVisualStudioVersion = 10.0.40219.1
Project("{FAE04EC0-301F-11D3-BF4B-00C04F79EFBC}") = "PhotoFiremark", "PhotoFiremark\PhotoFiremark.csproj", "{09873D02-EDB4-4CCC-8986-4DDE359CCCAD}"
EndProject
Global
	GlobalSection(SolutionConfigurationPlatforms) = preSolution
		Debug|Any CPU = Debug|Any CPU
		Release|Any CPU = Release|Any CPU
	EndGlobalSection
	GlobalSection(ProjectConfigurationPlatforms) = postSolution
		{09873D02-EDB4-4CCC-8986-4DDE359CCCAD}.Debug|Any CPU.ActiveCfg = Debug|Any CPU
		{09873D02-EDB4-4CCC-8986-4DDE359CCCAD}.Debug|Any CPU.Build.0 = Debug|Any CPU
		{09873D02-EDB4-4CCC-8986-4DDE359CCCAD}.Release|Any CPU.ActiveCfg = Release|Any CPU
		{09873D02-EDB4-4CCC-8986-4DDE359CCCAD}.Release|Any CPU.Build.0 = Release|Any CPU
	EndGlobalSection
	GlobalSection(SolutionProperties) = preSolution
		HideSolutionNode = FALSE
	EndGlobalSection
	GlobalSection(ExtensibilityGlobals) = postSolution
		SolutionGuid = {D9005C29-5291-429B-A6FC-81503A850CA0}
	EndGlobalSection
EndGlobal
